
Microsoft Visual Studio Solution File, Format Version 12.00
# Visual Studio 15
VisualStudioVersion = 15.0.28307.489
MinimumVisualStudioVersion = 10.0.40219.1
Project("{2150E333-8FDC-42A3-9474-1A3956D46DE8}") = "Solution Items", "Solution Items", "{78875F91-74C8-4D88-B265-6B90E24AB968}"
	ProjectSection(SolutionItems) = preProject
		LICENSE = LICENSE
		README.md = README.md
	EndProjectSection
EndProject
Project("{FAE04EC0-301F-11D3-BF4B-00C04F79EFBC}") = "Sugar.Tests", "Sugar.Tests\Sugar.Tests.csproj", "{79075702-AAD5-4342-83E5-0D2B4391F09F}"
EndProject
Project("{FAE04EC0-301F-11D3-BF4B-00C04F79EFBC}") = "Sugar", "Sugar\Sugar.csproj", "{6B0018DB-AFB6-444C-BB03-C0D6BEA9A491}"
EndProject
Project("{FAE04EC0-301F-11D3-BF4B-00C04F79EFBC}") = "Sugar.Collections", "Sugar.Collections\Sugar.Collections.csproj", "{506DC4F4-576E-4586-9F6C-255A4219DABC}"
EndProject
Project("{FAE04EC0-301F-11D3-BF4B-00C04F79EFBC}") = "Sugar.Collections.Generic", "Sugar.Collections.Generic\Sugar.Collections.Generic.csproj", "{B2667B90-1913-496E-BD80-A8B87E6215B6}"
EndProject
Project("{FAE04EC0-301F-11D3-BF4B-00C04F79EFBC}") = "Sugar.Globalization", "Sugar.Globalization\Sugar.Globalization.csproj", "{74EFE0C2-C202-48A5-B2E1-137B7286DE2F}"
EndProject
Project("{FAE04EC0-301F-11D3-BF4B-00C04F79EFBC}") = "Sugar.IO", "Sugar.IO\Sugar.IO.csproj", "{8AE0B53C-3675-4EFB-8C6F-2868E6296FC2}"
EndProject
Project("{FAE04EC0-301F-11D3-BF4B-00C04F79EFBC}") = "Sugar.Linq", "Sugar.Linq\Sugar.Linq.csproj", "{F4CFAAA8-A386-4271-8CB1-B2853982F2EE}"
EndProject
Project("{FAE04EC0-301F-11D3-BF4B-00C04F79EFBC}") = "Sugar.Reflection", "Sugar.Reflection\Sugar.Reflection.csproj", "{F58FF6CE-0A63-43F4-A5AA-F01FFAA493DD}"
EndProject
Project("{FAE04EC0-301F-11D3-BF4B-00C04F79EFBC}") = "Sugar.Security", "Sugar.Security\Sugar.Security.csproj", "{637393EB-3781-45CF-B023-706AF820AB51}"
EndProject
Project("{2150E333-8FDC-42A3-9474-1A3956D46DE8}") = "System Extensions", "System Extensions", "{8ABF6A42-33CB-4CE3-B922-D0BDCDB7944D}"
EndProject
Project("{FAE04EC0-301F-11D3-BF4B-00C04F79EFBC}") = "Sugar.Core", "Sugar.Core\Sugar.Core.csproj", "{91545AEA-177F-4CD0-A221-97BAF96EC6F1}"
EndProject
Project("{2150E333-8FDC-42A3-9474-1A3956D46DE8}") = "Supplemental Extensions", "Supplemental Extensions", "{8C872A08-FDBA-4E11-AB21-0579E284E492}"
EndProject
Project("{FAE04EC0-301F-11D3-BF4B-00C04F79EFBC}") = "Sugar.Guard", "Sugar.Guard\Sugar.Guard.csproj", "{92150941-5A2E-4F8B-B885-5FA08D9D79E4}"
EndProject
Project("{FAE04EC0-301F-11D3-BF4B-00C04F79EFBC}") = "Sugar.Lambda", "Sugar.Lambda\Sugar.Lambda.csproj", "{AA7990A8-9C05-471B-B32A-1E4F0E41EF9E}"
EndProject
Project("{FAE04EC0-301F-11D3-BF4B-00C04F79EFBC}") = "Sugar.Monads", "Sugar.Monads\Sugar.Monads.csproj", "{CAF0C00C-F247-4C53-944D-0533B53D395B}"
EndProject
Project("{FAE04EC0-301F-11D3-BF4B-00C04F79EFBC}") = "Sugar.Blocks", "Sugar.Blocks\Sugar.Blocks.csproj", "{D46C0EF0-EC93-48A9-A952-4BDF7F9B0EF5}"
EndProject
Global
	GlobalSection(SolutionConfigurationPlatforms) = preSolution
		Debug|Any CPU = Debug|Any CPU
		Release|Any CPU = Release|Any CPU
	EndGlobalSection
	GlobalSection(ProjectConfigurationPlatforms) = postSolution
		{79075702-AAD5-4342-83E5-0D2B4391F09F}.Debug|Any CPU.ActiveCfg = Debug|Any CPU
		{79075702-AAD5-4342-83E5-0D2B4391F09F}.Debug|Any CPU.Build.0 = Debug|Any CPU
		{79075702-AAD5-4342-83E5-0D2B4391F09F}.Release|Any CPU.ActiveCfg = Release|Any CPU
		{79075702-AAD5-4342-83E5-0D2B4391F09F}.Release|Any CPU.Build.0 = Release|Any CPU
		{6B0018DB-AFB6-444C-BB03-C0D6BEA9A491}.Debug|Any CPU.ActiveCfg = Debug|Any CPU
		{6B0018DB-AFB6-444C-BB03-C0D6BEA9A491}.Debug|Any CPU.Build.0 = Debug|Any CPU
		{6B0018DB-AFB6-444C-BB03-C0D6BEA9A491}.Release|Any CPU.ActiveCfg = Release|Any CPU
		{6B0018DB-AFB6-444C-BB03-C0D6BEA9A491}.Release|Any CPU.Build.0 = Release|Any CPU
		{506DC4F4-576E-4586-9F6C-255A4219DABC}.Debug|Any CPU.ActiveCfg = Debug|Any CPU
		{506DC4F4-576E-4586-9F6C-255A4219DABC}.Debug|Any CPU.Build.0 = Debug|Any CPU
		{506DC4F4-576E-4586-9F6C-255A4219DABC}.Release|Any CPU.ActiveCfg = Release|Any CPU
		{506DC4F4-576E-4586-9F6C-255A4219DABC}.Release|Any CPU.Build.0 = Release|Any CPU
		{B2667B90-1913-496E-BD80-A8B87E6215B6}.Debug|Any CPU.ActiveCfg = Debug|Any CPU
		{B2667B90-1913-496E-BD80-A8B87E6215B6}.Debug|Any CPU.Build.0 = Debug|Any CPU
		{B2667B90-1913-496E-BD80-A8B87E6215B6}.Release|Any CPU.ActiveCfg = Release|Any CPU
		{B2667B90-1913-496E-BD80-A8B87E6215B6}.Release|Any CPU.Build.0 = Release|Any CPU
		{74EFE0C2-C202-48A5-B2E1-137B7286DE2F}.Debug|Any CPU.ActiveCfg = Debug|Any CPU
		{74EFE0C2-C202-48A5-B2E1-137B7286DE2F}.Debug|Any CPU.Build.0 = Debug|Any CPU
		{74EFE0C2-C202-48A5-B2E1-137B7286DE2F}.Release|Any CPU.ActiveCfg = Release|Any CPU
		{74EFE0C2-C202-48A5-B2E1-137B7286DE2F}.Release|Any CPU.Build.0 = Release|Any CPU
		{8AE0B53C-3675-4EFB-8C6F-2868E6296FC2}.Debug|Any CPU.ActiveCfg = Debug|Any CPU
		{8AE0B53C-3675-4EFB-8C6F-2868E6296FC2}.Debug|Any CPU.Build.0 = Debug|Any CPU
		{8AE0B53C-3675-4EFB-8C6F-2868E6296FC2}.Release|Any CPU.ActiveCfg = Release|Any CPU
		{8AE0B53C-3675-4EFB-8C6F-2868E6296FC2}.Release|Any CPU.Build.0 = Release|Any CPU
		{F4CFAAA8-A386-4271-8CB1-B2853982F2EE}.Debug|Any CPU.ActiveCfg = Debug|Any CPU
		{F4CFAAA8-A386-4271-8CB1-B2853982F2EE}.Debug|Any CPU.Build.0 = Debug|Any CPU
		{F4CFAAA8-A386-4271-8CB1-B2853982F2EE}.Release|Any CPU.ActiveCfg = Release|Any CPU
		{F4CFAAA8-A386-4271-8CB1-B2853982F2EE}.Release|Any CPU.Build.0 = Release|Any CPU
		{F58FF6CE-0A63-43F4-A5AA-F01FFAA493DD}.Debug|Any CPU.ActiveCfg = Debug|Any CPU
		{F58FF6CE-0A63-43F4-A5AA-F01FFAA493DD}.Debug|Any CPU.Build.0 = Debug|Any CPU
		{F58FF6CE-0A63-43F4-A5AA-F01FFAA493DD}.Release|Any CPU.ActiveCfg = Release|Any CPU
		{F58FF6CE-0A63-43F4-A5AA-F01FFAA493DD}.Release|Any CPU.Build.0 = Release|Any CPU
		{637393EB-3781-45CF-B023-706AF820AB51}.Debug|Any CPU.ActiveCfg = Debug|Any CPU
		{637393EB-3781-45CF-B023-706AF820AB51}.Debug|Any CPU.Build.0 = Debug|Any CPU
		{637393EB-3781-45CF-B023-706AF820AB51}.Release|Any CPU.ActiveCfg = Release|Any CPU
		{637393EB-3781-45CF-B023-706AF820AB51}.Release|Any CPU.Build.0 = Release|Any CPU
		{91545AEA-177F-4CD0-A221-97BAF96EC6F1}.Debug|Any CPU.ActiveCfg = Debug|Any CPU
		{91545AEA-177F-4CD0-A221-97BAF96EC6F1}.Debug|Any CPU.Build.0 = Debug|Any CPU
		{91545AEA-177F-4CD0-A221-97BAF96EC6F1}.Release|Any CPU.ActiveCfg = Release|Any CPU
		{91545AEA-177F-4CD0-A221-97BAF96EC6F1}.Release|Any CPU.Build.0 = Release|Any CPU
		{92150941-5A2E-4F8B-B885-5FA08D9D79E4}.Debug|Any CPU.ActiveCfg = Debug|Any CPU
		{92150941-5A2E-4F8B-B885-5FA08D9D79E4}.Debug|Any CPU.Build.0 = Debug|Any CPU
		{92150941-5A2E-4F8B-B885-5FA08D9D79E4}.Release|Any CPU.ActiveCfg = Release|Any CPU
		{92150941-5A2E-4F8B-B885-5FA08D9D79E4}.Release|Any CPU.Build.0 = Release|Any CPU
		{AA7990A8-9C05-471B-B32A-1E4F0E41EF9E}.Debug|Any CPU.ActiveCfg = Debug|Any CPU
		{AA7990A8-9C05-471B-B32A-1E4F0E41EF9E}.Debug|Any CPU.Build.0 = Debug|Any CPU
		{AA7990A8-9C05-471B-B32A-1E4F0E41EF9E}.Release|Any CPU.ActiveCfg = Release|Any CPU
		{AA7990A8-9C05-471B-B32A-1E4F0E41EF9E}.Release|Any CPU.Build.0 = Release|Any CPU
		{CAF0C00C-F247-4C53-944D-0533B53D395B}.Debug|Any CPU.ActiveCfg = Debug|Any CPU
		{CAF0C00C-F247-4C53-944D-0533B53D395B}.Debug|Any CPU.Build.0 = Debug|Any CPU
		{CAF0C00C-F247-4C53-944D-0533B53D395B}.Release|Any CPU.ActiveCfg = Release|Any CPU
		{CAF0C00C-F247-4C53-944D-0533B53D395B}.Release|Any CPU.Build.0 = Release|Any CPU
		{D46C0EF0-EC93-48A9-A952-4BDF7F9B0EF5}.Debug|Any CPU.ActiveCfg = Debug|Any CPU
		{D46C0EF0-EC93-48A9-A952-4BDF7F9B0EF5}.Debug|Any CPU.Build.0 = Debug|Any CPU
		{D46C0EF0-EC93-48A9-A952-4BDF7F9B0EF5}.Release|Any CPU.ActiveCfg = Release|Any CPU
		{D46C0EF0-EC93-48A9-A952-4BDF7F9B0EF5}.Release|Any CPU.Build.0 = Release|Any CPU
	EndGlobalSection
	GlobalSection(SolutionProperties) = preSolution
		HideSolutionNode = FALSE
	EndGlobalSection
	GlobalSection(NestedProjects) = preSolution
		{506DC4F4-576E-4586-9F6C-255A4219DABC} = {8ABF6A42-33CB-4CE3-B922-D0BDCDB7944D}
		{B2667B90-1913-496E-BD80-A8B87E6215B6} = {8ABF6A42-33CB-4CE3-B922-D0BDCDB7944D}
		{74EFE0C2-C202-48A5-B2E1-137B7286DE2F} = {8ABF6A42-33CB-4CE3-B922-D0BDCDB7944D}
		{8AE0B53C-3675-4EFB-8C6F-2868E6296FC2} = {8ABF6A42-33CB-4CE3-B922-D0BDCDB7944D}
		{F4CFAAA8-A386-4271-8CB1-B2853982F2EE} = {8ABF6A42-33CB-4CE3-B922-D0BDCDB7944D}
		{F58FF6CE-0A63-43F4-A5AA-F01FFAA493DD} = {8ABF6A42-33CB-4CE3-B922-D0BDCDB7944D}
		{637393EB-3781-45CF-B023-706AF820AB51} = {8ABF6A42-33CB-4CE3-B922-D0BDCDB7944D}
		{91545AEA-177F-4CD0-A221-97BAF96EC6F1} = {8ABF6A42-33CB-4CE3-B922-D0BDCDB7944D}
		{92150941-5A2E-4F8B-B885-5FA08D9D79E4} = {8C872A08-FDBA-4E11-AB21-0579E284E492}
		{AA7990A8-9C05-471B-B32A-1E4F0E41EF9E} = {8C872A08-FDBA-4E11-AB21-0579E284E492}
		{CAF0C00C-F247-4C53-944D-0533B53D395B} = {8C872A08-FDBA-4E11-AB21-0579E284E492}
		{D46C0EF0-EC93-48A9-A952-4BDF7F9B0EF5} = {8C872A08-FDBA-4E11-AB21-0579E284E492}
	EndGlobalSection
	GlobalSection(ExtensibilityGlobals) = postSolution
		SolutionGuid = {AFB09CA5-EA17-42AB-9AB0-E16ECD8A15D8}
	EndGlobalSection
EndGlobal
