
Microsoft Visual Studio Solution File, Format Version 12.00
# Visual Studio 2013
VisualStudioVersion = 12.0.30324.0
MinimumVisualStudioVersion = 10.0.40219.1
Project("{FAE04EC0-301F-11D3-BF4B-00C04F79EFBC}") = "Sugar.Fluency", "Sugar.Fluency\Sugar.Fluency.csproj", "{7428B889-EAEC-470F-A9C4-A0F8EBB7B84E}"
EndProject
Project("{FAE04EC0-301F-11D3-BF4B-00C04F79EFBC}") = "Sugar.Fluency.Tests", "Sugar.Fluency.Tests\Sugar.Fluency.Tests.csproj", "{4E7FCD1E-FA14-49F0-8640-4345E8EA208E}"
EndProject
Global
	GlobalSection(SolutionConfigurationPlatforms) = preSolution
		Debug|Any CPU = Debug|Any CPU
		Release|Any CPU = Release|Any CPU
	EndGlobalSection
	GlobalSection(ProjectConfigurationPlatforms) = postSolution
		{7428B889-EAEC-470F-A9C4-A0F8EBB7B84E}.Debug|Any CPU.ActiveCfg = Debug|Any CPU
		{7428B889-EAEC-470F-A9C4-A0F8EBB7B84E}.Debug|Any CPU.Build.0 = Debug|Any CPU
		{7428B889-EAEC-470F-A9C4-A0F8EBB7B84E}.Release|Any CPU.ActiveCfg = Release|Any CPU
		{7428B889-EAEC-470F-A9C4-A0F8EBB7B84E}.Release|Any CPU.Build.0 = Release|Any CPU
		{4E7FCD1E-FA14-49F0-8640-4345E8EA208E}.Debug|Any CPU.ActiveCfg = Debug|Any CPU
		{4E7FCD1E-FA14-49F0-8640-4345E8EA208E}.Debug|Any CPU.Build.0 = Debug|Any CPU
		{4E7FCD1E-FA14-49F0-8640-4345E8EA208E}.Release|Any CPU.ActiveCfg = Release|Any CPU
		{4E7FCD1E-FA14-49F0-8640-4345E8EA208E}.Release|Any CPU.Build.0 = Release|Any CPU
	EndGlobalSection
	GlobalSection(SolutionProperties) = preSolution
		HideSolutionNode = FALSE
	EndGlobalSection
EndGlobal
