
Microsoft Visual Studio Solution File, Format Version 12.00
# Visual Studio 2013
VisualStudioVersion = 12.0.30501.0
MinimumVisualStudioVersion = 10.0.40219.1
Project("{2150E333-8FDC-42A3-9474-1A3956D46DE8}") = "Solution Items", "Solution Items", "{78875F91-74C8-4D88-B265-6B90E24AB968}"
	ProjectSection(SolutionItems) = preProject
		LICENSE = LICENSE
		README.md = README.md
	EndProjectSection
EndProject
Project("{FAE04EC0-301F-11D3-BF4B-00C04F79EFBC}") = "Sugar.Tests", "Sugar.Tests\Sugar.Tests.csproj", "{79075702-AAD5-4342-83E5-0D2B4391F09F}"
EndProject
Project("{FAE04EC0-301F-11D3-BF4B-00C04F79EFBC}") = "Sugar", "Sugar\Sugar.csproj", "{6B0018DB-AFB6-444C-BB03-C0D6BEA9A491}"
EndProject
Global
	GlobalSection(SolutionConfigurationPlatforms) = preSolution
		Debug|Any CPU = Debug|Any CPU
		Release|Any CPU = Release|Any CPU
	EndGlobalSection
	GlobalSection(ProjectConfigurationPlatforms) = postSolution
		{79075702-AAD5-4342-83E5-0D2B4391F09F}.Debug|Any CPU.ActiveCfg = Debug|Any CPU
		{79075702-AAD5-4342-83E5-0D2B4391F09F}.Debug|Any CPU.Build.0 = Debug|Any CPU
		{79075702-AAD5-4342-83E5-0D2B4391F09F}.Release|Any CPU.ActiveCfg = Release|Any CPU
		{79075702-AAD5-4342-83E5-0D2B4391F09F}.Release|Any CPU.Build.0 = Release|Any CPU
		{6B0018DB-AFB6-444C-BB03-C0D6BEA9A491}.Debug|Any CPU.ActiveCfg = Debug|Any CPU
		{6B0018DB-AFB6-444C-BB03-C0D6BEA9A491}.Debug|Any CPU.Build.0 = Debug|Any CPU
		{6B0018DB-AFB6-444C-BB03-C0D6BEA9A491}.Release|Any CPU.ActiveCfg = Release|Any CPU
		{6B0018DB-AFB6-444C-BB03-C0D6BEA9A491}.Release|Any CPU.Build.0 = Release|Any CPU
	EndGlobalSection
	GlobalSection(SolutionProperties) = preSolution
		HideSolutionNode = FALSE
	EndGlobalSection
EndGlobal
